
Microsoft Visual Studio Solution File, Format Version 12.00
# Visual Studio Version 17
VisualStudioVersion = 17.14.36616.10 d17.14
MinimumVisualStudioVersion = 10.0.40219.1
Project("{FAE04EC0-301F-11D3-BF4B-00C04F79EFBC}") = "Delegates", "Delegates\Delegates.csproj", "{8B03219F-3371-4321-B9AC-0A9FD7CC0D81}"
EndProject
Global
	GlobalSection(SolutionConfigurationPlatforms) = preSolution
		Debug|Any CPU = Debug|Any CPU
		Release|Any CPU = Release|Any CPU
	EndGlobalSection
	GlobalSection(ProjectConfigurationPlatforms) = postSolution
		{8B03219F-3371-4321-B9AC-0A9FD7CC0D81}.Debug|Any CPU.ActiveCfg = Debug|Any CPU
		{8B03219F-3371-4321-B9AC-0A9FD7CC0D81}.Debug|Any CPU.Build.0 = Debug|Any CPU
		{8B03219F-3371-4321-B9AC-0A9FD7CC0D81}.Release|Any CPU.ActiveCfg = Release|Any CPU
		{8B03219F-3371-4321-B9AC-0A9FD7CC0D81}.Release|Any CPU.Build.0 = Release|Any CPU
	EndGlobalSection
	GlobalSection(SolutionProperties) = preSolution
		HideSolutionNode = FALSE
	EndGlobalSection
	GlobalSection(ExtensibilityGlobals) = postSolution
		SolutionGuid = {BC21B29D-BC05-4BAE-814E-C75E5849A3A1}
	EndGlobalSection
EndGlobal
